// !$*UTF8*$!
{
	archiveVersion = 1;
	classes = {
	};
	objectVersion = 55;
	objects = {

/* Begin PBXBuildFile section */
		3B2A9973291BD27E00479C86 /* LoginView.swift in Sources */ = {isa = PBXBuildFile; fileRef = 3B2A9972291BD27E00479C86 /* LoginView.swift */; };
		3B2A9975291BD30500479C86 /* LoginViewController.swift in Sources */ = {isa = PBXBuildFile; fileRef = 3B2A9974291BD30500479C86 /* LoginViewController.swift */; };
		3B2C337E291B84810097A402 /* (null) in Sources */ = {isa = PBXBuildFile; };
		3B52C529291CC96000368728 /* Pretendard-Light.otf in Resources */ = {isa = PBXBuildFile; fileRef = 3B52C528291CC96000368728 /* Pretendard-Light.otf */; };
		3B52C52B291CC98400368728 /* Pretendard-Medium.otf in Resources */ = {isa = PBXBuildFile; fileRef = 3B52C52A291CC98400368728 /* Pretendard-Medium.otf */; };
		3B52C52D291CC98F00368728 /* Pretendard-Regular.otf in Resources */ = {isa = PBXBuildFile; fileRef = 3B52C52C291CC98F00368728 /* Pretendard-Regular.otf */; };
		3B52C52F291CC99A00368728 /* Pretendard-SemiBold.otf in Resources */ = {isa = PBXBuildFile; fileRef = 3B52C52E291CC99A00368728 /* Pretendard-SemiBold.otf */; };
		3B52C531291CEA8000368728 /* MJSAlert.swift in Sources */ = {isa = PBXBuildFile; fileRef = 3B52C530291CEA8000368728 /* MJSAlert.swift */; };
		3B52C533291CED2E00368728 /* MJSCancelButton.swift in Sources */ = {isa = PBXBuildFile; fileRef = 3B52C532291CED2E00368728 /* MJSCancelButton.swift */; };
		3B52C541291D00F000368728 /* SplashView.swift in Sources */ = {isa = PBXBuildFile; fileRef = 3B52C540291D00F000368728 /* SplashView.swift */; };
		3B52C543291D030400368728 /* SplashViewController.swift in Sources */ = {isa = PBXBuildFile; fileRef = 3B52C542291D030400368728 /* SplashViewController.swift */; };
		3B52C548291D0B0400368728 /* MeatAndSeaFoodView.swift in Sources */ = {isa = PBXBuildFile; fileRef = 3B52C547291D0B0400368728 /* MeatAndSeaFoodView.swift */; };
		3B52C54B291D26E200368728 /* ProgressBarImageView.swift in Sources */ = {isa = PBXBuildFile; fileRef = 3B52C54A291D26E200368728 /* ProgressBarImageView.swift */; };
		3B7CB5A42918D8C400EF73B9 /* UITextView+.swift in Sources */ = {isa = PBXBuildFile; fileRef = 3B7CB5A32918D8C400EF73B9 /* UITextView+.swift */; };
		3B7CB5A62918D9B100EF73B9 /* UILabel+.swift in Sources */ = {isa = PBXBuildFile; fileRef = 3B7CB5A52918D9B100EF73B9 /* UILabel+.swift */; };
		3B7CB5A82918EEBC00EF73B9 /* UIButton+.swift in Sources */ = {isa = PBXBuildFile; fileRef = 3B7CB5A72918EEBC00EF73B9 /* UIButton+.swift */; };
		3B8B25DD2918F4F200A46331 /* UITextField+.swift in Sources */ = {isa = PBXBuildFile; fileRef = 3B8B25DC2918F4F200A46331 /* UITextField+.swift */; };
		3B958E032919FB9C00902A1D /* BasicIngredientView.swift in Sources */ = {isa = PBXBuildFile; fileRef = 3B958E022919FB9C00902A1D /* BasicIngredientView.swift */; };
		3B958E05291A10D300902A1D /* OnboardingNaviView.swift in Sources */ = {isa = PBXBuildFile; fileRef = 3B958E04291A10D300902A1D /* OnboardingNaviView.swift */; };
		3B958E0C291A372700902A1D /* String.swift in Sources */ = {isa = PBXBuildFile; fileRef = 3B958E0B291A372700902A1D /* String.swift */; };
		3B958E0E291A419300902A1D /* BasicIngredientViewController.swift in Sources */ = {isa = PBXBuildFile; fileRef = 3B958E0D291A419300902A1D /* BasicIngredientViewController.swift */; };
		3B958E10291A4E4500902A1D /* OnboardingTitleView.swift in Sources */ = {isa = PBXBuildFile; fileRef = 3B958E0F291A4E4500902A1D /* OnboardingTitleView.swift */; };
		3BB2B38429194623004EE3C0 /* LetterSpacing.swift in Sources */ = {isa = PBXBuildFile; fileRef = 3BB2B38329194623004EE3C0 /* LetterSpacing.swift */; };
		3BBE2F03291C90DF00C002E4 /* GuideView.swift in Sources */ = {isa = PBXBuildFile; fileRef = 3BBE2F02291C90DF00C002E4 /* GuideView.swift */; };
		3BBE2F05291C969100C002E4 /* GuideViewController.swift in Sources */ = {isa = PBXBuildFile; fileRef = 3BBE2F04291C969100C002E4 /* GuideViewController.swift */; };
		3BBE2F0A291C999100C002E4 /* FinishOnboardingView.swift in Sources */ = {isa = PBXBuildFile; fileRef = 3BBE2F09291C999100C002E4 /* FinishOnboardingView.swift */; };
		3BBE2F0C291C9DC700C002E4 /* FinishOnboardingViewController.swift in Sources */ = {isa = PBXBuildFile; fileRef = 3BBE2F0B291C9DC700C002E4 /* FinishOnboardingViewController.swift */; };
		3BC1D7452914A414007B2FA2 /* UIFont+.swift in Sources */ = {isa = PBXBuildFile; fileRef = 3BC1D7442914A414007B2FA2 /* UIFont+.swift */; };
		3BC6004A291B8C2000CAA317 /* BasicIngredientCollectionViewCell.swift in Sources */ = {isa = PBXBuildFile; fileRef = 3BC60049291B8C2000CAA317 /* BasicIngredientCollectionViewCell.swift */; };
		3BC6004D291B8FAD00CAA317 /* UICollectionViewRegisterable.swift in Sources */ = {isa = PBXBuildFile; fileRef = 3BC6004C291B8FAD00CAA317 /* UICollectionViewRegisterable.swift */; };
		3BC6004F291B8FCB00CAA317 /* UITableViewRegisterable.swift in Sources */ = {isa = PBXBuildFile; fileRef = 3BC6004E291B8FCB00CAA317 /* UITableViewRegisterable.swift */; };
		3BC60052291B93B700CAA317 /* getClassName.swift in Sources */ = {isa = PBXBuildFile; fileRef = 3BC60051291B93B700CAA317 /* getClassName.swift */; };
		3BC60054291B9A1000CAA317 /* BasicIngredientModel.swift in Sources */ = {isa = PBXBuildFile; fileRef = 3BC60053291B9A1000CAA317 /* BasicIngredientModel.swift */; };
		3BD0B3EA291FF3400084D624 /* MeatAndSeaFoodViewController.swift in Sources */ = {isa = PBXBuildFile; fileRef = 3BD0B3E9291FF3400084D624 /* MeatAndSeaFoodViewController.swift */; };
		3BD0B3EC2920051B0084D624 /* MeatAndSeaModel.swift in Sources */ = {isa = PBXBuildFile; fileRef = 3BD0B3EB2920051B0084D624 /* MeatAndSeaModel.swift */; };
		3BD0B3F429200C520084D624 /* OnboardingCollectionViewCell.swift in Sources */ = {isa = PBXBuildFile; fileRef = 3BD0B3F329200C520084D624 /* OnboardingCollectionViewCell.swift */; };
		3BDE3421292295A8009FB7C6 /* OnboardingCollectionViewSectionHeader.swift in Sources */ = {isa = PBXBuildFile; fileRef = 3BDE3420292295A8009FB7C6 /* OnboardingCollectionViewSectionHeader.swift */; };
		4A05449E2914AB31000B6B1F /* UIColor+.swift in Sources */ = {isa = PBXBuildFile; fileRef = 4A05449D2914AB31000B6B1F /* UIColor+.swift */; };
		4A0544A02914B102000B6B1F /* Image.swift in Sources */ = {isa = PBXBuildFile; fileRef = 4A05449F2914B102000B6B1F /* Image.swift */; };
		4A0CEC1D291A50F900372D46 /* MJSButton.swift in Sources */ = {isa = PBXBuildFile; fileRef = 4A0CEC1C291A50F900372D46 /* MJSButton.swift */; };
		4A3336A1291C881A009BB692 /* BaseViewController.swift in Sources */ = {isa = PBXBuildFile; fileRef = 4A3336A0291C881A009BB692 /* BaseViewController.swift */; };
		4A39D5032919451600554DF4 /* SnapKit in Frameworks */ = {isa = PBXBuildFile; productRef = 4A39D5022919451600554DF4 /* SnapKit */; };
		4A39D50B2919473400554DF4 /* BaseView.swift in Sources */ = {isa = PBXBuildFile; fileRef = 4A39D50A2919473400554DF4 /* BaseView.swift */; };
		4A6343F929002DA1006E19E6 /* RxCocoa in Frameworks */ = {isa = PBXBuildFile; productRef = 4A6343F829002DA1006E19E6 /* RxCocoa */; };
		4A6343FB29002DA1006E19E6 /* RxSwift in Frameworks */ = {isa = PBXBuildFile; productRef = 4A6343FA29002DA1006E19E6 /* RxSwift */; };
		4A6343FE29002DAC006E19E6 /* Then in Frameworks */ = {isa = PBXBuildFile; productRef = 4A6343FD29002DAC006E19E6 /* Then */; };
		4A63440129002DB5006E19E6 /* Kingfisher in Frameworks */ = {isa = PBXBuildFile; productRef = 4A63440029002DB5006E19E6 /* Kingfisher */; };
		4A63440529002DCC006E19E6 /* Alamofire in Frameworks */ = {isa = PBXBuildFile; productRef = 4A63440429002DCC006E19E6 /* Alamofire */; };
		4A634410290297CF006E19E6 /* .swiftlint.yml in Resources */ = {isa = PBXBuildFile; fileRef = 4A63440F290297CF006E19E6 /* .swiftlint.yml */; };
		4A90A2C82900207C006BC1B2 /* AppDelegate.swift in Sources */ = {isa = PBXBuildFile; fileRef = 4A90A2C72900207C006BC1B2 /* AppDelegate.swift */; };
		4A90A2CA2900207C006BC1B2 /* SceneDelegate.swift in Sources */ = {isa = PBXBuildFile; fileRef = 4A90A2C92900207C006BC1B2 /* SceneDelegate.swift */; };
		4A90A2D12900207D006BC1B2 /* Assets.xcassets in Resources */ = {isa = PBXBuildFile; fileRef = 4A90A2D02900207D006BC1B2 /* Assets.xcassets */; };
		4A90A2D42900207D006BC1B2 /* LaunchScreen.storyboard in Resources */ = {isa = PBXBuildFile; fileRef = 4A90A2D22900207D006BC1B2 /* LaunchScreen.storyboard */; };
		4A90A2E5290024CF006BC1B2 /* Color.swift in Sources */ = {isa = PBXBuildFile; fileRef = 4A90A2E4290024CF006BC1B2 /* Color.swift */; };
		4A90A2ED290024F0006BC1B2 /* DataModel.swift in Sources */ = {isa = PBXBuildFile; fileRef = 4A90A2EC290024F0006BC1B2 /* DataModel.swift */; };
		4A90A2F129002507006BC1B2 /* API.swift in Sources */ = {isa = PBXBuildFile; fileRef = 4A90A2F029002507006BC1B2 /* API.swift */; };
		4A90A2FC29002537006BC1B2 /* Constant.swift in Sources */ = {isa = PBXBuildFile; fileRef = 4A90A2FB29002537006BC1B2 /* Constant.swift */; };
		4AF80C0D290D6E0600B084CA /* UIView+.swift in Sources */ = {isa = PBXBuildFile; fileRef = 4AF80C0C290D6E0600B084CA /* UIView+.swift */; };
		4AF80C0F290D6F0C00B084CA /* UIScreen+.swift in Sources */ = {isa = PBXBuildFile; fileRef = 4AF80C0E290D6F0C00B084CA /* UIScreen+.swift */; };
		4AF80C11290D6F5000B084CA /* UIViewController+.swift in Sources */ = {isa = PBXBuildFile; fileRef = 4AF80C10290D6F5000B084CA /* UIViewController+.swift */; };
		4AF80C1B290D848C00B084CA /* APIConstants.swift in Sources */ = {isa = PBXBuildFile; fileRef = 4AF80C1A290D848C00B084CA /* APIConstants.swift */; };
		4AF80C1D290D84B300B084CA /* NetworkResult.swift in Sources */ = {isa = PBXBuildFile; fileRef = 4AF80C1C290D84B300B084CA /* NetworkResult.swift */; };
		4AF80C1F290D850100B084CA /* GeneralResponse.swift in Sources */ = {isa = PBXBuildFile; fileRef = 4AF80C1E290D850100B084CA /* GeneralResponse.swift */; };
		4AF80C21290D95E100B084CA /* GeneralService.swift in Sources */ = {isa = PBXBuildFile; fileRef = 4AF80C20290D95E100B084CA /* GeneralService.swift */; };
		4AF80C2A29111AF800B084CA /* TabBarController.swift in Sources */ = {isa = PBXBuildFile; fileRef = 4AF80C2929111AF800B084CA /* TabBarController.swift */; };
		4AF80C3029111C5300B084CA /* BookMarkViewController.swift in Sources */ = {isa = PBXBuildFile; fileRef = 4AF80C2F29111C5300B084CA /* BookMarkViewController.swift */; };
		4AF80C3229111CA500B084CA /* RecipeViewController.swift in Sources */ = {isa = PBXBuildFile; fileRef = 4AF80C3129111CA500B084CA /* RecipeViewController.swift */; };
		4AF80C3429111CD800B084CA /* MyIngredientViewController.swift in Sources */ = {isa = PBXBuildFile; fileRef = 4AF80C3329111CD800B084CA /* MyIngredientViewController.swift */; };
/* End PBXBuildFile section */

/* Begin PBXFileReference section */
		3B2A9972291BD27E00479C86 /* LoginView.swift */ = {isa = PBXFileReference; lastKnownFileType = sourcecode.swift; path = LoginView.swift; sourceTree = "<group>"; };
		3B2A9974291BD30500479C86 /* LoginViewController.swift */ = {isa = PBXFileReference; lastKnownFileType = sourcecode.swift; path = LoginViewController.swift; sourceTree = "<group>"; };
		3B52C528291CC96000368728 /* Pretendard-Light.otf */ = {isa = PBXFileReference; lastKnownFileType = file; path = "Pretendard-Light.otf"; sourceTree = "<group>"; };
		3B52C52A291CC98400368728 /* Pretendard-Medium.otf */ = {isa = PBXFileReference; lastKnownFileType = file; path = "Pretendard-Medium.otf"; sourceTree = "<group>"; };
		3B52C52C291CC98F00368728 /* Pretendard-Regular.otf */ = {isa = PBXFileReference; lastKnownFileType = file; path = "Pretendard-Regular.otf"; sourceTree = "<group>"; };
		3B52C52E291CC99A00368728 /* Pretendard-SemiBold.otf */ = {isa = PBXFileReference; lastKnownFileType = file; path = "Pretendard-SemiBold.otf"; sourceTree = "<group>"; };
		3B52C530291CEA8000368728 /* MJSAlert.swift */ = {isa = PBXFileReference; lastKnownFileType = sourcecode.swift; path = MJSAlert.swift; sourceTree = "<group>"; };
		3B52C532291CED2E00368728 /* MJSCancelButton.swift */ = {isa = PBXFileReference; lastKnownFileType = sourcecode.swift; path = MJSCancelButton.swift; sourceTree = "<group>"; };
		3B52C540291D00F000368728 /* SplashView.swift */ = {isa = PBXFileReference; lastKnownFileType = sourcecode.swift; path = SplashView.swift; sourceTree = "<group>"; };
		3B52C542291D030400368728 /* SplashViewController.swift */ = {isa = PBXFileReference; lastKnownFileType = sourcecode.swift; path = SplashViewController.swift; sourceTree = "<group>"; };
		3B52C547291D0B0400368728 /* MeatAndSeaFoodView.swift */ = {isa = PBXFileReference; lastKnownFileType = sourcecode.swift; path = MeatAndSeaFoodView.swift; sourceTree = "<group>"; };
		3B52C54A291D26E200368728 /* ProgressBarImageView.swift */ = {isa = PBXFileReference; lastKnownFileType = sourcecode.swift; path = ProgressBarImageView.swift; sourceTree = "<group>"; };
		3B7CB5A32918D8C400EF73B9 /* UITextView+.swift */ = {isa = PBXFileReference; lastKnownFileType = sourcecode.swift; path = "UITextView+.swift"; sourceTree = "<group>"; };
		3B7CB5A52918D9B100EF73B9 /* UILabel+.swift */ = {isa = PBXFileReference; lastKnownFileType = sourcecode.swift; path = "UILabel+.swift"; sourceTree = "<group>"; };
		3B7CB5A72918EEBC00EF73B9 /* UIButton+.swift */ = {isa = PBXFileReference; lastKnownFileType = sourcecode.swift; path = "UIButton+.swift"; sourceTree = "<group>"; };
		3B8B25DC2918F4F200A46331 /* UITextField+.swift */ = {isa = PBXFileReference; lastKnownFileType = sourcecode.swift; path = "UITextField+.swift"; sourceTree = "<group>"; };
		3B958E022919FB9C00902A1D /* BasicIngredientView.swift */ = {isa = PBXFileReference; lastKnownFileType = sourcecode.swift; path = BasicIngredientView.swift; sourceTree = "<group>"; };
		3B958E04291A10D300902A1D /* OnboardingNaviView.swift */ = {isa = PBXFileReference; lastKnownFileType = sourcecode.swift; path = OnboardingNaviView.swift; sourceTree = "<group>"; };
		3B958E0B291A372700902A1D /* String.swift */ = {isa = PBXFileReference; lastKnownFileType = sourcecode.swift; path = String.swift; sourceTree = "<group>"; };
		3B958E0D291A419300902A1D /* BasicIngredientViewController.swift */ = {isa = PBXFileReference; lastKnownFileType = sourcecode.swift; path = BasicIngredientViewController.swift; sourceTree = "<group>"; };
		3B958E0F291A4E4500902A1D /* OnboardingTitleView.swift */ = {isa = PBXFileReference; lastKnownFileType = sourcecode.swift; path = OnboardingTitleView.swift; sourceTree = "<group>"; };
		3BB2B38329194623004EE3C0 /* LetterSpacing.swift */ = {isa = PBXFileReference; lastKnownFileType = sourcecode.swift; path = LetterSpacing.swift; sourceTree = "<group>"; };
		3BBE2F02291C90DF00C002E4 /* GuideView.swift */ = {isa = PBXFileReference; lastKnownFileType = sourcecode.swift; path = GuideView.swift; sourceTree = "<group>"; };
		3BBE2F04291C969100C002E4 /* GuideViewController.swift */ = {isa = PBXFileReference; lastKnownFileType = sourcecode.swift; path = GuideViewController.swift; sourceTree = "<group>"; };
		3BBE2F09291C999100C002E4 /* FinishOnboardingView.swift */ = {isa = PBXFileReference; lastKnownFileType = sourcecode.swift; path = FinishOnboardingView.swift; sourceTree = "<group>"; };
		3BBE2F0B291C9DC700C002E4 /* FinishOnboardingViewController.swift */ = {isa = PBXFileReference; lastKnownFileType = sourcecode.swift; path = FinishOnboardingViewController.swift; sourceTree = "<group>"; };
		3BC1D7442914A414007B2FA2 /* UIFont+.swift */ = {isa = PBXFileReference; lastKnownFileType = sourcecode.swift; path = "UIFont+.swift"; sourceTree = "<group>"; };
		3BC60049291B8C2000CAA317 /* BasicIngredientCollectionViewCell.swift */ = {isa = PBXFileReference; lastKnownFileType = sourcecode.swift; path = BasicIngredientCollectionViewCell.swift; sourceTree = "<group>"; };
		3BC6004C291B8FAD00CAA317 /* UICollectionViewRegisterable.swift */ = {isa = PBXFileReference; lastKnownFileType = sourcecode.swift; path = UICollectionViewRegisterable.swift; sourceTree = "<group>"; };
		3BC6004E291B8FCB00CAA317 /* UITableViewRegisterable.swift */ = {isa = PBXFileReference; lastKnownFileType = sourcecode.swift; path = UITableViewRegisterable.swift; sourceTree = "<group>"; };
		3BC60051291B93B700CAA317 /* getClassName.swift */ = {isa = PBXFileReference; lastKnownFileType = sourcecode.swift; path = getClassName.swift; sourceTree = "<group>"; };
		3BC60053291B9A1000CAA317 /* BasicIngredientModel.swift */ = {isa = PBXFileReference; lastKnownFileType = sourcecode.swift; path = BasicIngredientModel.swift; sourceTree = "<group>"; };
		3BD0B3E9291FF3400084D624 /* MeatAndSeaFoodViewController.swift */ = {isa = PBXFileReference; lastKnownFileType = sourcecode.swift; path = MeatAndSeaFoodViewController.swift; sourceTree = "<group>"; };
		3BD0B3EB2920051B0084D624 /* MeatAndSeaModel.swift */ = {isa = PBXFileReference; lastKnownFileType = sourcecode.swift; path = MeatAndSeaModel.swift; sourceTree = "<group>"; };
		3BD0B3F329200C520084D624 /* OnboardingCollectionViewCell.swift */ = {isa = PBXFileReference; lastKnownFileType = sourcecode.swift; path = OnboardingCollectionViewCell.swift; sourceTree = "<group>"; };
		3BDE3420292295A8009FB7C6 /* OnboardingCollectionViewSectionHeader.swift */ = {isa = PBXFileReference; lastKnownFileType = sourcecode.swift; path = OnboardingCollectionViewSectionHeader.swift; sourceTree = "<group>"; };
		4A05449D2914AB31000B6B1F /* UIColor+.swift */ = {isa = PBXFileReference; lastKnownFileType = sourcecode.swift; path = "UIColor+.swift"; sourceTree = "<group>"; };
		4A05449F2914B102000B6B1F /* Image.swift */ = {isa = PBXFileReference; lastKnownFileType = sourcecode.swift; path = Image.swift; sourceTree = "<group>"; };
		4A0CEC1C291A50F900372D46 /* MJSButton.swift */ = {isa = PBXFileReference; lastKnownFileType = sourcecode.swift; path = MJSButton.swift; sourceTree = "<group>"; };
		4A3336A0291C881A009BB692 /* BaseViewController.swift */ = {isa = PBXFileReference; fileEncoding = 4; lastKnownFileType = sourcecode.swift; path = BaseViewController.swift; sourceTree = "<group>"; };
		4A39D50A2919473400554DF4 /* BaseView.swift */ = {isa = PBXFileReference; lastKnownFileType = sourcecode.swift; path = BaseView.swift; sourceTree = "<group>"; };
		4A63440F290297CF006E19E6 /* .swiftlint.yml */ = {isa = PBXFileReference; lastKnownFileType = text.yaml; path = .swiftlint.yml; sourceTree = "<group>"; };
		4A90A2C42900207C006BC1B2 /* Mukjipsa-iOS.app */ = {isa = PBXFileReference; explicitFileType = wrapper.application; includeInIndex = 0; path = "Mukjipsa-iOS.app"; sourceTree = BUILT_PRODUCTS_DIR; };
		4A90A2C72900207C006BC1B2 /* AppDelegate.swift */ = {isa = PBXFileReference; lastKnownFileType = sourcecode.swift; path = AppDelegate.swift; sourceTree = "<group>"; };
		4A90A2C92900207C006BC1B2 /* SceneDelegate.swift */ = {isa = PBXFileReference; lastKnownFileType = sourcecode.swift; path = SceneDelegate.swift; sourceTree = "<group>"; };
		4A90A2D02900207D006BC1B2 /* Assets.xcassets */ = {isa = PBXFileReference; lastKnownFileType = folder.assetcatalog; path = Assets.xcassets; sourceTree = "<group>"; };
		4A90A2D32900207D006BC1B2 /* Base */ = {isa = PBXFileReference; lastKnownFileType = file.storyboard; name = Base; path = Base.lproj/LaunchScreen.storyboard; sourceTree = "<group>"; };
		4A90A2D52900207D006BC1B2 /* Info.plist */ = {isa = PBXFileReference; lastKnownFileType = text.plist.xml; path = Info.plist; sourceTree = "<group>"; };
		4A90A2E4290024CF006BC1B2 /* Color.swift */ = {isa = PBXFileReference; lastKnownFileType = sourcecode.swift; path = Color.swift; sourceTree = "<group>"; };
		4A90A2EC290024F0006BC1B2 /* DataModel.swift */ = {isa = PBXFileReference; lastKnownFileType = sourcecode.swift; path = DataModel.swift; sourceTree = "<group>"; };
		4A90A2F029002507006BC1B2 /* API.swift */ = {isa = PBXFileReference; lastKnownFileType = sourcecode.swift; path = API.swift; sourceTree = "<group>"; };
		4A90A2FB29002537006BC1B2 /* Constant.swift */ = {isa = PBXFileReference; lastKnownFileType = sourcecode.swift; path = Constant.swift; sourceTree = "<group>"; };
		4AF80C0C290D6E0600B084CA /* UIView+.swift */ = {isa = PBXFileReference; lastKnownFileType = sourcecode.swift; path = "UIView+.swift"; sourceTree = "<group>"; };
		4AF80C0E290D6F0C00B084CA /* UIScreen+.swift */ = {isa = PBXFileReference; lastKnownFileType = sourcecode.swift; path = "UIScreen+.swift"; sourceTree = "<group>"; };
		4AF80C10290D6F5000B084CA /* UIViewController+.swift */ = {isa = PBXFileReference; lastKnownFileType = sourcecode.swift; path = "UIViewController+.swift"; sourceTree = "<group>"; };
		4AF80C1A290D848C00B084CA /* APIConstants.swift */ = {isa = PBXFileReference; lastKnownFileType = sourcecode.swift; path = APIConstants.swift; sourceTree = "<group>"; };
		4AF80C1C290D84B300B084CA /* NetworkResult.swift */ = {isa = PBXFileReference; lastKnownFileType = sourcecode.swift; path = NetworkResult.swift; sourceTree = "<group>"; };
		4AF80C1E290D850100B084CA /* GeneralResponse.swift */ = {isa = PBXFileReference; lastKnownFileType = sourcecode.swift; path = GeneralResponse.swift; sourceTree = "<group>"; };
		4AF80C20290D95E100B084CA /* GeneralService.swift */ = {isa = PBXFileReference; lastKnownFileType = sourcecode.swift; path = GeneralService.swift; sourceTree = "<group>"; };
		4AF80C2929111AF800B084CA /* TabBarController.swift */ = {isa = PBXFileReference; lastKnownFileType = sourcecode.swift; path = TabBarController.swift; sourceTree = "<group>"; };
		4AF80C2F29111C5300B084CA /* BookMarkViewController.swift */ = {isa = PBXFileReference; lastKnownFileType = sourcecode.swift; path = BookMarkViewController.swift; sourceTree = "<group>"; };
		4AF80C3129111CA500B084CA /* RecipeViewController.swift */ = {isa = PBXFileReference; lastKnownFileType = sourcecode.swift; path = RecipeViewController.swift; sourceTree = "<group>"; };
		4AF80C3329111CD800B084CA /* MyIngredientViewController.swift */ = {isa = PBXFileReference; lastKnownFileType = sourcecode.swift; path = MyIngredientViewController.swift; sourceTree = "<group>"; };
/* End PBXFileReference section */

/* Begin PBXFrameworksBuildPhase section */
		4A90A2C12900207C006BC1B2 /* Frameworks */ = {
			isa = PBXFrameworksBuildPhase;
			buildActionMask = 2147483647;
			files = (
				4A63440529002DCC006E19E6 /* Alamofire in Frameworks */,
				4A63440129002DB5006E19E6 /* Kingfisher in Frameworks */,
				4A6343FB29002DA1006E19E6 /* RxSwift in Frameworks */,
				4A39D5032919451600554DF4 /* SnapKit in Frameworks */,
				4A6343FE29002DAC006E19E6 /* Then in Frameworks */,
				4A6343F929002DA1006E19E6 /* RxCocoa in Frameworks */,
			);
			runOnlyForDeploymentPostprocessing = 0;
		};
/* End PBXFrameworksBuildPhase section */

/* Begin PBXGroup section */
		3B2A996E291BD22300479C86 /* Auth */ = {
			isa = PBXGroup;
			children = (
				3B2A996F291BD22A00479C86 /* Login */,
			);
			path = Auth;
			sourceTree = "<group>";
		};
		3B2A996F291BD22A00479C86 /* Login */ = {
			isa = PBXGroup;
			children = (
				3B2A9971291BD26100479C86 /* ViewController */,
				3B2A9970291BD25900479C86 /* View */,
			);
			path = Login;
			sourceTree = "<group>";
		};
		3B2A9970291BD25900479C86 /* View */ = {
			isa = PBXGroup;
			children = (
				3B2A9972291BD27E00479C86 /* LoginView.swift */,
			);
			path = View;
			sourceTree = "<group>";
		};
		3B2A9971291BD26100479C86 /* ViewController */ = {
			isa = PBXGroup;
			children = (
				3B2A9974291BD30500479C86 /* LoginViewController.swift */,
			);
			path = ViewController;
			sourceTree = "<group>";
		};
		3B52C527291CC93300368728 /* Font */ = {
			isa = PBXGroup;
			children = (
				3B52C52E291CC99A00368728 /* Pretendard-SemiBold.otf */,
				3B52C52C291CC98F00368728 /* Pretendard-Regular.otf */,
				3B52C52A291CC98400368728 /* Pretendard-Medium.otf */,
				3B52C528291CC96000368728 /* Pretendard-Light.otf */,
			);
			path = Font;
			sourceTree = "<group>";
		};
		3B52C53D291D007100368728 /* Splash */ = {
			isa = PBXGroup;
			children = (
				3B52C53F291D007900368728 /* ViewController */,
				3B52C53E291D007500368728 /* View */,
			);
			path = Splash;
			sourceTree = "<group>";
		};
		3B52C53E291D007500368728 /* View */ = {
			isa = PBXGroup;
			children = (
				3B52C540291D00F000368728 /* SplashView.swift */,
			);
			path = View;
			sourceTree = "<group>";
		};
		3B52C53F291D007900368728 /* ViewController */ = {
			isa = PBXGroup;
			children = (
				3B52C542291D030400368728 /* SplashViewController.swift */,
			);
			path = ViewController;
			sourceTree = "<group>";
		};
		3B52C544291D0A8D00368728 /* MeatAndSeaFood */ = {
			isa = PBXGroup;
			children = (
				3B52C549291D25D800368728 /* ViewModel */,
				3B52C546291D0AA800368728 /* ViewConstroller */,
				3B52C545291D0AA300368728 /* View */,
			);
			path = MeatAndSeaFood;
			sourceTree = "<group>";
		};
		3B52C545291D0AA300368728 /* View */ = {
			isa = PBXGroup;
			children = (
				3B52C547291D0B0400368728 /* MeatAndSeaFoodView.swift */,
			);
			path = View;
			sourceTree = "<group>";
		};
		3B52C546291D0AA800368728 /* ViewConstroller */ = {
			isa = PBXGroup;
			children = (
				3BD0B3E9291FF3400084D624 /* MeatAndSeaFoodViewController.swift */,
			);
			path = ViewConstroller;
			sourceTree = "<group>";
		};
		3B52C549291D25D800368728 /* ViewModel */ = {
			isa = PBXGroup;
			children = (
				3BD0B3EB2920051B0084D624 /* MeatAndSeaModel.swift */,
			);
			path = ViewModel;
			sourceTree = "<group>";
		};
		3B958DFB2919F97E00902A1D /* Onboarding */ = {
			isa = PBXGroup;
			children = (
				3B52C544291D0A8D00368728 /* MeatAndSeaFood */,
				3BBE2F06291C995B00C002E4 /* FinishOnboarding */,
				3BBE2EFF291C904B00C002E4 /* BasicIngredient */,
				3BBE2EFE291C902500C002E4 /* Guide */,
			);
			path = Onboarding;
			sourceTree = "<group>";
		};
		3B958DFC2919FB0300902A1D /* Common */ = {
			isa = PBXGroup;
			children = (
				3BBE2F0E291CA48700C002E4 /* Alert */,
				3BBE2F0D291CA47B00C002E4 /* Onboarding */,
			);
			path = Common;
			sourceTree = "<group>";
		};
		3B958DFD2919FB0B00902A1D /* View */ = {
			isa = PBXGroup;
			children = (
				3B958E022919FB9C00902A1D /* BasicIngredientView.swift */,
			);
			path = View;
			sourceTree = "<group>";
		};
		3B958DFE2919FB1000902A1D /* ViewController */ = {
			isa = PBXGroup;
			children = (
				3B958E0D291A419300902A1D /* BasicIngredientViewController.swift */,
			);
			path = ViewController;
			sourceTree = "<group>";
		};
		3B958DFF2919FB1700902A1D /* ViewModel */ = {
			isa = PBXGroup;
			children = (
				3BC60053291B9A1000CAA317 /* BasicIngredientModel.swift */,
			);
			path = ViewModel;
			sourceTree = "<group>";
		};
		3B958E002919FB1F00902A1D /* Cells */ = {
			isa = PBXGroup;
			children = (
				3BC60049291B8C2000CAA317 /* BasicIngredientCollectionViewCell.swift */,
			);
			path = Cells;
			sourceTree = "<group>";
		};
		3BBE2EFE291C902500C002E4 /* Guide */ = {
			isa = PBXGroup;
			children = (
				3BBE2F01291C907C00C002E4 /* ViewController */,
				3BBE2F00291C907700C002E4 /* View */,
			);
			path = Guide;
			sourceTree = "<group>";
		};
		3BBE2EFF291C904B00C002E4 /* BasicIngredient */ = {
			isa = PBXGroup;
			children = (
				3B958E002919FB1F00902A1D /* Cells */,
				3B958DFF2919FB1700902A1D /* ViewModel */,
				3B958DFE2919FB1000902A1D /* ViewController */,
				3B958DFD2919FB0B00902A1D /* View */,
			);
			path = BasicIngredient;
			sourceTree = "<group>";
		};
		3BBE2F00291C907700C002E4 /* View */ = {
			isa = PBXGroup;
			children = (
				3BBE2F02291C90DF00C002E4 /* GuideView.swift */,
			);
			path = View;
			sourceTree = "<group>";
		};
		3BBE2F01291C907C00C002E4 /* ViewController */ = {
			isa = PBXGroup;
			children = (
				3BBE2F04291C969100C002E4 /* GuideViewController.swift */,
			);
			path = ViewController;
			sourceTree = "<group>";
		};
		3BBE2F06291C995B00C002E4 /* FinishOnboarding */ = {
			isa = PBXGroup;
			children = (
				3BBE2F08291C997500C002E4 /* ViewController */,
				3BBE2F07291C997000C002E4 /* View */,
			);
			path = FinishOnboarding;
			sourceTree = "<group>";
		};
		3BBE2F07291C997000C002E4 /* View */ = {
			isa = PBXGroup;
			children = (
				3BBE2F09291C999100C002E4 /* FinishOnboardingView.swift */,
			);
			path = View;
			sourceTree = "<group>";
		};
		3BBE2F08291C997500C002E4 /* ViewController */ = {
			isa = PBXGroup;
			children = (
				3BBE2F0B291C9DC700C002E4 /* FinishOnboardingViewController.swift */,
			);
			path = ViewController;
			sourceTree = "<group>";
		};
		3BBE2F0D291CA47B00C002E4 /* Onboarding */ = {
			isa = PBXGroup;
			children = (
				3BD0B3F02920073D0084D624 /* Cells */,
				3BD0B3EF2920072D0084D624 /* Views */,
			);
			path = Onboarding;
			sourceTree = "<group>";
		};
		3BBE2F0E291CA48700C002E4 /* Alert */ = {
			isa = PBXGroup;
			children = (
				3B52C530291CEA8000368728 /* MJSAlert.swift */,
			);
			path = Alert;
			sourceTree = "<group>";
		};
		3BC6004B291B8F3700CAA317 /* Protocol */ = {
			isa = PBXGroup;
			children = (
				3BC6004C291B8FAD00CAA317 /* UICollectionViewRegisterable.swift */,
				3BC6004E291B8FCB00CAA317 /* UITableViewRegisterable.swift */,
			);
			path = Protocol;
			sourceTree = "<group>";
		};
		3BC60050291B8FF900CAA317 /* Utils */ = {
			isa = PBXGroup;
			children = (
				3BC60051291B93B700CAA317 /* getClassName.swift */,
			);
			path = Utils;
			sourceTree = "<group>";
		};
		3BD0B3EF2920072D0084D624 /* Views */ = {
			isa = PBXGroup;
			children = (
				3B958E04291A10D300902A1D /* OnboardingNaviView.swift */,
				3B958E0F291A4E4500902A1D /* OnboardingTitleView.swift */,
				3B52C54A291D26E200368728 /* ProgressBarImageView.swift */,
				3BDE3420292295A8009FB7C6 /* OnboardingCollectionViewSectionHeader.swift */,
			);
			path = Views;
			sourceTree = "<group>";
		};
		3BD0B3F02920073D0084D624 /* Cells */ = {
			isa = PBXGroup;
			children = (
				3BD0B3F329200C520084D624 /* OnboardingCollectionViewCell.swift */,
			);
			path = Cells;
			sourceTree = "<group>";
		};
		4A39D5012919451600554DF4 /* Frameworks */ = {
			isa = PBXGroup;
			children = (
			);
			name = Frameworks;
			sourceTree = "<group>";
		};
		4A39D5062919464700554DF4 /* Base */ = {
			isa = PBXGroup;
			children = (
				4A39D50A2919473400554DF4 /* BaseView.swift */,
				4A3336A0291C881A009BB692 /* BaseViewController.swift */,
			);
			path = Base;
			sourceTree = "<group>";
		};
		4A90A2BB2900207C006BC1B2 = {
			isa = PBXGroup;
			children = (
				4A63440F290297CF006E19E6 /* .swiftlint.yml */,
				4A90A2C62900207C006BC1B2 /* Mukjipsa-iOS */,
				4A90A2C52900207C006BC1B2 /* Products */,
				4A39D5012919451600554DF4 /* Frameworks */,
			);
			sourceTree = "<group>";
		};
		4A90A2C52900207C006BC1B2 /* Products */ = {
			isa = PBXGroup;
			children = (
				4A90A2C42900207C006BC1B2 /* Mukjipsa-iOS.app */,
			);
			name = Products;
			sourceTree = "<group>";
		};
		4A90A2C62900207C006BC1B2 /* Mukjipsa-iOS */ = {
			isa = PBXGroup;
			children = (
				4A90A2DE2900246F006BC1B2 /* Global */,
				4A90A2DD2900246B006BC1B2 /* Network */,
				4A90A2DC29002467006BC1B2 /* Screen */,
				4A90A2DB29002434006BC1B2 /* Resource */,
			);
			path = "Mukjipsa-iOS";
			sourceTree = "<group>";
		};
		4A90A2DB29002434006BC1B2 /* Resource */ = {
			isa = PBXGroup;
			children = (
				3B52C527291CC93300368728 /* Font */,
				4A90A2E3290024AD006BC1B2 /* Color */,
				4A90A2E2290024A8006BC1B2 /* Support */,
				4A90A2E1290024A1006BC1B2 /* Storyboard */,
				4A90A2E02900249E006BC1B2 /* Asset */,
			);
			path = Resource;
			sourceTree = "<group>";
		};
		4A90A2DC29002467006BC1B2 /* Screen */ = {
			isa = PBXGroup;
			children = (
				3B52C53D291D007100368728 /* Splash */,
				3B958DFC2919FB0300902A1D /* Common */,
				3B958DFB2919F97E00902A1D /* Onboarding */,
				3B2A996E291BD22300479C86 /* Auth */,
				4AF80C2629111AD300B084CA /* TabBar */,
			);
			path = Screen;
			sourceTree = "<group>";
		};
		4A90A2DD2900246B006BC1B2 /* Network */ = {
			isa = PBXGroup;
			children = (
				4A90A2EB290024E9006BC1B2 /* Base */,
				4A90A2EA290024E6006BC1B2 /* APIService */,
				4A90A2E8290024DB006BC1B2 /* DataModel */,
			);
			path = Network;
			sourceTree = "<group>";
		};
		4A90A2DE2900246F006BC1B2 /* Global */ = {
			isa = PBXGroup;
			children = (
				3BC60050291B8FF900CAA317 /* Utils */,
				4A39D5062919464700554DF4 /* Base */,
				3BC6004B291B8F3700CAA317 /* Protocol */,
				4A90A2F629002524006BC1B2 /* DesignSystem */,
				4A90A2F52900251E006BC1B2 /* Extension */,
				4A90A2F429002517006BC1B2 /* Constant */,
			);
			path = Global;
			sourceTree = "<group>";
		};
		4A90A2E02900249E006BC1B2 /* Asset */ = {
			isa = PBXGroup;
			children = (
				4A90A2D02900207D006BC1B2 /* Assets.xcassets */,
			);
			path = Asset;
			sourceTree = "<group>";
		};
		4A90A2E1290024A1006BC1B2 /* Storyboard */ = {
			isa = PBXGroup;
			children = (
				4A90A2D22900207D006BC1B2 /* LaunchScreen.storyboard */,
			);
			path = Storyboard;
			sourceTree = "<group>";
		};
		4A90A2E2290024A8006BC1B2 /* Support */ = {
			isa = PBXGroup;
			children = (
				4A90A2D52900207D006BC1B2 /* Info.plist */,
				4A90A2C72900207C006BC1B2 /* AppDelegate.swift */,
				4A90A2C92900207C006BC1B2 /* SceneDelegate.swift */,
			);
			path = Support;
			sourceTree = "<group>";
		};
		4A90A2E3290024AD006BC1B2 /* Color */ = {
			isa = PBXGroup;
			children = (
				4A90A2E4290024CF006BC1B2 /* Color.swift */,
			);
			path = Color;
			sourceTree = "<group>";
		};
		4A90A2E8290024DB006BC1B2 /* DataModel */ = {
			isa = PBXGroup;
			children = (
				4A90A2EC290024F0006BC1B2 /* DataModel.swift */,
			);
			path = DataModel;
			sourceTree = "<group>";
		};
		4A90A2EA290024E6006BC1B2 /* APIService */ = {
			isa = PBXGroup;
			children = (
				4A90A2F029002507006BC1B2 /* API.swift */,
			);
			path = APIService;
			sourceTree = "<group>";
		};
		4A90A2EB290024E9006BC1B2 /* Base */ = {
			isa = PBXGroup;
			children = (
				4AF80C1A290D848C00B084CA /* APIConstants.swift */,
				4AF80C1C290D84B300B084CA /* NetworkResult.swift */,
				4AF80C1E290D850100B084CA /* GeneralResponse.swift */,
				4AF80C20290D95E100B084CA /* GeneralService.swift */,
			);
			path = Base;
			sourceTree = "<group>";
		};
		4A90A2F429002517006BC1B2 /* Constant */ = {
			isa = PBXGroup;
			children = (
				4A90A2FB29002537006BC1B2 /* Constant.swift */,
				4A05449F2914B102000B6B1F /* Image.swift */,
				3BB2B38329194623004EE3C0 /* LetterSpacing.swift */,
				3B958E0B291A372700902A1D /* String.swift */,
			);
			path = Constant;
			sourceTree = "<group>";
		};
		4A90A2F52900251E006BC1B2 /* Extension */ = {
			isa = PBXGroup;
			children = (
				4AF80C0C290D6E0600B084CA /* UIView+.swift */,
				4AF80C0E290D6F0C00B084CA /* UIScreen+.swift */,
				4AF80C10290D6F5000B084CA /* UIViewController+.swift */,
				4A05449D2914AB31000B6B1F /* UIColor+.swift */,
				3BC1D7442914A414007B2FA2 /* UIFont+.swift */,
				3B7CB5A32918D8C400EF73B9 /* UITextView+.swift */,
				3B7CB5A52918D9B100EF73B9 /* UILabel+.swift */,
				3B7CB5A72918EEBC00EF73B9 /* UIButton+.swift */,
				3B8B25DC2918F4F200A46331 /* UITextField+.swift */,
			);
			path = Extension;
			sourceTree = "<group>";
		};
		4A90A2F629002524006BC1B2 /* DesignSystem */ = {
			isa = PBXGroup;
			children = (
				4A0CEC1C291A50F900372D46 /* MJSButton.swift */,
				3B52C532291CED2E00368728 /* MJSCancelButton.swift */,
			);
			path = DesignSystem;
			sourceTree = "<group>";
		};
		4AF80C2629111AD300B084CA /* TabBar */ = {
			isa = PBXGroup;
			children = (
				4AF80C2E29111C0F00B084CA /* TabBar */,
				4AF80C2D29111B9C00B084CA /* BookMark */,
				4AF80C2C29111B7700B084CA /* Recipe */,
				4AF80C2B29111B3200B084CA /* MyIngredient */,
			);
			path = TabBar;
			sourceTree = "<group>";
		};
		4AF80C2B29111B3200B084CA /* MyIngredient */ = {
			isa = PBXGroup;
			children = (
				4AF80C3329111CD800B084CA /* MyIngredientViewController.swift */,
			);
			path = MyIngredient;
			sourceTree = "<group>";
		};
		4AF80C2C29111B7700B084CA /* Recipe */ = {
			isa = PBXGroup;
			children = (
				4AF80C3129111CA500B084CA /* RecipeViewController.swift */,
			);
			path = Recipe;
			sourceTree = "<group>";
		};
		4AF80C2D29111B9C00B084CA /* BookMark */ = {
			isa = PBXGroup;
			children = (
				4AF80C2F29111C5300B084CA /* BookMarkViewController.swift */,
			);
			path = BookMark;
			sourceTree = "<group>";
		};
		4AF80C2E29111C0F00B084CA /* TabBar */ = {
			isa = PBXGroup;
			children = (
				4AF80C2929111AF800B084CA /* TabBarController.swift */,
			);
			path = TabBar;
			sourceTree = "<group>";
		};
/* End PBXGroup section */

/* Begin PBXNativeTarget section */
		4A90A2C32900207C006BC1B2 /* Mukjipsa-iOS */ = {
			isa = PBXNativeTarget;
			buildConfigurationList = 4A90A2D82900207D006BC1B2 /* Build configuration list for PBXNativeTarget "Mukjipsa-iOS" */;
			buildPhases = (
				4A63440A290294A2006E19E6 /* SwiftLint Script */,
				4A90A2C02900207C006BC1B2 /* Sources */,
				4A90A2C12900207C006BC1B2 /* Frameworks */,
				4A90A2C22900207C006BC1B2 /* Resources */,
			);
			buildRules = (
			);
			dependencies = (
			);
			name = "Mukjipsa-iOS";
			packageProductDependencies = (
				4A6343F829002DA1006E19E6 /* RxCocoa */,
				4A6343FA29002DA1006E19E6 /* RxSwift */,
				4A6343FD29002DAC006E19E6 /* Then */,
				4A63440029002DB5006E19E6 /* Kingfisher */,
				4A63440429002DCC006E19E6 /* Alamofire */,
				4A39D5022919451600554DF4 /* SnapKit */,
			);
			productName = "Mukjipsa-iOS";
			productReference = 4A90A2C42900207C006BC1B2 /* Mukjipsa-iOS.app */;
			productType = "com.apple.product-type.application";
		};
/* End PBXNativeTarget section */

/* Begin PBXProject section */
		4A90A2BC2900207C006BC1B2 /* Project object */ = {
			isa = PBXProject;
			attributes = {
				BuildIndependentTargetsInParallel = 1;
				LastSwiftUpdateCheck = 1340;
				LastUpgradeCheck = 1340;
				TargetAttributes = {
					4A90A2C32900207C006BC1B2 = {
						CreatedOnToolsVersion = 13.4.1;
					};
				};
			};
			buildConfigurationList = 4A90A2BF2900207C006BC1B2 /* Build configuration list for PBXProject "Mukjipsa-iOS" */;
			compatibilityVersion = "Xcode 13.0";
			developmentRegion = en;
			hasScannedForEncodings = 0;
			knownRegions = (
				en,
				Base,
			);
			mainGroup = 4A90A2BB2900207C006BC1B2;
			packageReferences = (
				4A6343F729002DA1006E19E6 /* XCRemoteSwiftPackageReference "RxSwift" */,
				4A6343FC29002DAC006E19E6 /* XCRemoteSwiftPackageReference "Then" */,
				4A6343FF29002DB5006E19E6 /* XCRemoteSwiftPackageReference "Kingfisher" */,
				4A63440329002DCC006E19E6 /* XCRemoteSwiftPackageReference "Alamofire" */,
				3B754B8029192564007A90C5 /* XCRemoteSwiftPackageReference "SnapKit" */,
			);
			productRefGroup = 4A90A2C52900207C006BC1B2 /* Products */;
			projectDirPath = "";
			projectRoot = "";
			targets = (
				4A90A2C32900207C006BC1B2 /* Mukjipsa-iOS */,
			);
		};
/* End PBXProject section */

/* Begin PBXResourcesBuildPhase section */
		4A90A2C22900207C006BC1B2 /* Resources */ = {
			isa = PBXResourcesBuildPhase;
			buildActionMask = 2147483647;
			files = (
				4A634410290297CF006E19E6 /* .swiftlint.yml in Resources */,
				3B52C52D291CC98F00368728 /* Pretendard-Regular.otf in Resources */,
				3B52C52F291CC99A00368728 /* Pretendard-SemiBold.otf in Resources */,
				3B52C52B291CC98400368728 /* Pretendard-Medium.otf in Resources */,
				3B52C529291CC96000368728 /* Pretendard-Light.otf in Resources */,
				4A90A2D42900207D006BC1B2 /* LaunchScreen.storyboard in Resources */,
				4A90A2D12900207D006BC1B2 /* Assets.xcassets in Resources */,
			);
			runOnlyForDeploymentPostprocessing = 0;
		};
/* End PBXResourcesBuildPhase section */

/* Begin PBXShellScriptBuildPhase section */
		4A63440A290294A2006E19E6 /* SwiftLint Script */ = {
			isa = PBXShellScriptBuildPhase;
			buildActionMask = 2147483647;
			files = (
			);
			inputFileListPaths = (
			);
			inputPaths = (
			);
			name = "SwiftLint Script";
			outputFileListPaths = (
			);
			outputPaths = (
			);
			runOnlyForDeploymentPostprocessing = 0;
			shellPath = /bin/sh;
			shellScript = "export PATH=\"$PATH:/opt/homebrew/bin\"\n\nif which swiftlint >/dev/null; then\n  swiftlint\nelse\n  echo \"warning: SwiftLint not installed, download from https://github.com/realm/SwiftLint\"\nfi\n";
		};
/* End PBXShellScriptBuildPhase section */

/* Begin PBXSourcesBuildPhase section */
		4A90A2C02900207C006BC1B2 /* Sources */ = {
			isa = PBXSourcesBuildPhase;
			buildActionMask = 2147483647;
			files = (
				3BC60054291B9A1000CAA317 /* BasicIngredientModel.swift in Sources */,
				4AF80C3229111CA500B084CA /* RecipeViewController.swift in Sources */,
				3BBE2F03291C90DF00C002E4 /* GuideView.swift in Sources */,
				4A90A2ED290024F0006BC1B2 /* DataModel.swift in Sources */,
				3B958E0E291A419300902A1D /* BasicIngredientViewController.swift in Sources */,
				3BC6004D291B8FAD00CAA317 /* UICollectionViewRegisterable.swift in Sources */,
				4A3336A1291C881A009BB692 /* BaseViewController.swift in Sources */,
				4AF80C11290D6F5000B084CA /* UIViewController+.swift in Sources */,
				3BC60052291B93B700CAA317 /* getClassName.swift in Sources */,
				4AF80C0F290D6F0C00B084CA /* UIScreen+.swift in Sources */,
				3B8B25DD2918F4F200A46331 /* UITextField+.swift in Sources */,
				3B52C54B291D26E200368728 /* ProgressBarImageView.swift in Sources */,
				3B2C337E291B84810097A402 /* (null) in Sources */,
				3B7CB5A42918D8C400EF73B9 /* UITextView+.swift in Sources */,
				4AF80C3429111CD800B084CA /* MyIngredientViewController.swift in Sources */,
				3BC6004A291B8C2000CAA317 /* BasicIngredientCollectionViewCell.swift in Sources */,
				4A90A2E5290024CF006BC1B2 /* Color.swift in Sources */,
				3BBE2F05291C969100C002E4 /* GuideViewController.swift in Sources */,
				3B52C541291D00F000368728 /* SplashView.swift in Sources */,
				4A0544A02914B102000B6B1F /* Image.swift in Sources */,
				3B52C543291D030400368728 /* SplashViewController.swift in Sources */,
				3B958E10291A4E4500902A1D /* OnboardingTitleView.swift in Sources */,
				3B7CB5A82918EEBC00EF73B9 /* UIButton+.swift in Sources */,
				3BD0B3EA291FF3400084D624 /* MeatAndSeaFoodViewController.swift in Sources */,
				4AF80C2A29111AF800B084CA /* TabBarController.swift in Sources */,
				3B2A9975291BD30500479C86 /* LoginViewController.swift in Sources */,
				4AF80C1D290D84B300B084CA /* NetworkResult.swift in Sources */,
				3BB2B38429194623004EE3C0 /* LetterSpacing.swift in Sources */,
				4A05449E2914AB31000B6B1F /* UIColor+.swift in Sources */,
				4A0CEC1D291A50F900372D46 /* MJSButton.swift in Sources */,
				3B52C533291CED2E00368728 /* MJSCancelButton.swift in Sources */,
				4AF80C1F290D850100B084CA /* GeneralResponse.swift in Sources */,
				3BBE2F0A291C999100C002E4 /* FinishOnboardingView.swift in Sources */,
				3B2A9973291BD27E00479C86 /* LoginView.swift in Sources */,
				4A90A2C82900207C006BC1B2 /* AppDelegate.swift in Sources */,
				4AF80C3029111C5300B084CA /* BookMarkViewController.swift in Sources */,
				4A39D50B2919473400554DF4 /* BaseView.swift in Sources */,
				3BC1D7452914A414007B2FA2 /* UIFont+.swift in Sources */,
				3B958E032919FB9C00902A1D /* BasicIngredientView.swift in Sources */,
				4AF80C1B290D848C00B084CA /* APIConstants.swift in Sources */,
				3B7CB5A62918D9B100EF73B9 /* UILabel+.swift in Sources */,
				3BC6004F291B8FCB00CAA317 /* UITableViewRegisterable.swift in Sources */,
				3B52C531291CEA8000368728 /* MJSAlert.swift in Sources */,
				3BBE2F0C291C9DC700C002E4 /* FinishOnboardingViewController.swift in Sources */,
				4A90A2F129002507006BC1B2 /* API.swift in Sources */,
				3BDE3421292295A8009FB7C6 /* OnboardingCollectionViewSectionHeader.swift in Sources */,
				3BD0B3EC2920051B0084D624 /* MeatAndSeaModel.swift in Sources */,
				4AF80C0D290D6E0600B084CA /* UIView+.swift in Sources */,
				3B958E05291A10D300902A1D /* OnboardingNaviView.swift in Sources */,
				4A90A2CA2900207C006BC1B2 /* SceneDelegate.swift in Sources */,
				4AF80C21290D95E100B084CA /* GeneralService.swift in Sources */,
				3B958E0C291A372700902A1D /* String.swift in Sources */,
				4A90A2FC29002537006BC1B2 /* Constant.swift in Sources */,
				3B52C548291D0B0400368728 /* MeatAndSeaFoodView.swift in Sources */,
				3BD0B3F429200C520084D624 /* OnboardingCollectionViewCell.swift in Sources */,
			);
			runOnlyForDeploymentPostprocessing = 0;
		};
/* End PBXSourcesBuildPhase section */

/* Begin PBXVariantGroup section */
		4A90A2D22900207D006BC1B2 /* LaunchScreen.storyboard */ = {
			isa = PBXVariantGroup;
			children = (
				4A90A2D32900207D006BC1B2 /* Base */,
			);
			name = LaunchScreen.storyboard;
			sourceTree = "<group>";
		};
/* End PBXVariantGroup section */

/* Begin XCBuildConfiguration section */
		4A90A2D62900207D006BC1B2 /* Debug */ = {
			isa = XCBuildConfiguration;
			buildSettings = {
				ALWAYS_SEARCH_USER_PATHS = NO;
				CLANG_ANALYZER_NONNULL = YES;
				CLANG_ANALYZER_NUMBER_OBJECT_CONVERSION = YES_AGGRESSIVE;
				CLANG_CXX_LANGUAGE_STANDARD = "gnu++17";
				CLANG_ENABLE_MODULES = YES;
				CLANG_ENABLE_OBJC_ARC = YES;
				CLANG_ENABLE_OBJC_WEAK = YES;
				CLANG_WARN_BLOCK_CAPTURE_AUTORELEASING = YES;
				CLANG_WARN_BOOL_CONVERSION = YES;
				CLANG_WARN_COMMA = YES;
				CLANG_WARN_CONSTANT_CONVERSION = YES;
				CLANG_WARN_DEPRECATED_OBJC_IMPLEMENTATIONS = YES;
				CLANG_WARN_DIRECT_OBJC_ISA_USAGE = YES_ERROR;
				CLANG_WARN_DOCUMENTATION_COMMENTS = YES;
				CLANG_WARN_EMPTY_BODY = YES;
				CLANG_WARN_ENUM_CONVERSION = YES;
				CLANG_WARN_INFINITE_RECURSION = YES;
				CLANG_WARN_INT_CONVERSION = YES;
				CLANG_WARN_NON_LITERAL_NULL_CONVERSION = YES;
				CLANG_WARN_OBJC_IMPLICIT_RETAIN_SELF = YES;
				CLANG_WARN_OBJC_LITERAL_CONVERSION = YES;
				CLANG_WARN_OBJC_ROOT_CLASS = YES_ERROR;
				CLANG_WARN_QUOTED_INCLUDE_IN_FRAMEWORK_HEADER = YES;
				CLANG_WARN_RANGE_LOOP_ANALYSIS = YES;
				CLANG_WARN_STRICT_PROTOTYPES = YES;
				CLANG_WARN_SUSPICIOUS_MOVE = YES;
				CLANG_WARN_UNGUARDED_AVAILABILITY = YES_AGGRESSIVE;
				CLANG_WARN_UNREACHABLE_CODE = YES;
				CLANG_WARN__DUPLICATE_METHOD_MATCH = YES;
				COPY_PHASE_STRIP = NO;
				DEBUG_INFORMATION_FORMAT = dwarf;
				ENABLE_STRICT_OBJC_MSGSEND = YES;
				ENABLE_TESTABILITY = YES;
				GCC_C_LANGUAGE_STANDARD = gnu11;
				GCC_DYNAMIC_NO_PIC = NO;
				GCC_NO_COMMON_BLOCKS = YES;
				GCC_OPTIMIZATION_LEVEL = 0;
				GCC_PREPROCESSOR_DEFINITIONS = (
					"DEBUG=1",
					"$(inherited)",
				);
				GCC_WARN_64_TO_32_BIT_CONVERSION = YES;
				GCC_WARN_ABOUT_RETURN_TYPE = YES_ERROR;
				GCC_WARN_UNDECLARED_SELECTOR = YES;
				GCC_WARN_UNINITIALIZED_AUTOS = YES_AGGRESSIVE;
				GCC_WARN_UNUSED_FUNCTION = YES;
				GCC_WARN_UNUSED_VARIABLE = YES;
				IPHONEOS_DEPLOYMENT_TARGET = 15.5;
				MTL_ENABLE_DEBUG_INFO = INCLUDE_SOURCE;
				MTL_FAST_MATH = YES;
				ONLY_ACTIVE_ARCH = YES;
				SDKROOT = iphoneos;
				SWIFT_ACTIVE_COMPILATION_CONDITIONS = DEBUG;
				SWIFT_OPTIMIZATION_LEVEL = "-Onone";
			};
			name = Debug;
		};
		4A90A2D72900207D006BC1B2 /* Release */ = {
			isa = XCBuildConfiguration;
			buildSettings = {
				ALWAYS_SEARCH_USER_PATHS = NO;
				CLANG_ANALYZER_NONNULL = YES;
				CLANG_ANALYZER_NUMBER_OBJECT_CONVERSION = YES_AGGRESSIVE;
				CLANG_CXX_LANGUAGE_STANDARD = "gnu++17";
				CLANG_ENABLE_MODULES = YES;
				CLANG_ENABLE_OBJC_ARC = YES;
				CLANG_ENABLE_OBJC_WEAK = YES;
				CLANG_WARN_BLOCK_CAPTURE_AUTORELEASING = YES;
				CLANG_WARN_BOOL_CONVERSION = YES;
				CLANG_WARN_COMMA = YES;
				CLANG_WARN_CONSTANT_CONVERSION = YES;
				CLANG_WARN_DEPRECATED_OBJC_IMPLEMENTATIONS = YES;
				CLANG_WARN_DIRECT_OBJC_ISA_USAGE = YES_ERROR;
				CLANG_WARN_DOCUMENTATION_COMMENTS = YES;
				CLANG_WARN_EMPTY_BODY = YES;
				CLANG_WARN_ENUM_CONVERSION = YES;
				CLANG_WARN_INFINITE_RECURSION = YES;
				CLANG_WARN_INT_CONVERSION = YES;
				CLANG_WARN_NON_LITERAL_NULL_CONVERSION = YES;
				CLANG_WARN_OBJC_IMPLICIT_RETAIN_SELF = YES;
				CLANG_WARN_OBJC_LITERAL_CONVERSION = YES;
				CLANG_WARN_OBJC_ROOT_CLASS = YES_ERROR;
				CLANG_WARN_QUOTED_INCLUDE_IN_FRAMEWORK_HEADER = YES;
				CLANG_WARN_RANGE_LOOP_ANALYSIS = YES;
				CLANG_WARN_STRICT_PROTOTYPES = YES;
				CLANG_WARN_SUSPICIOUS_MOVE = YES;
				CLANG_WARN_UNGUARDED_AVAILABILITY = YES_AGGRESSIVE;
				CLANG_WARN_UNREACHABLE_CODE = YES;
				CLANG_WARN__DUPLICATE_METHOD_MATCH = YES;
				COPY_PHASE_STRIP = NO;
				DEBUG_INFORMATION_FORMAT = "dwarf-with-dsym";
				ENABLE_NS_ASSERTIONS = NO;
				ENABLE_STRICT_OBJC_MSGSEND = YES;
				GCC_C_LANGUAGE_STANDARD = gnu11;
				GCC_NO_COMMON_BLOCKS = YES;
				GCC_WARN_64_TO_32_BIT_CONVERSION = YES;
				GCC_WARN_ABOUT_RETURN_TYPE = YES_ERROR;
				GCC_WARN_UNDECLARED_SELECTOR = YES;
				GCC_WARN_UNINITIALIZED_AUTOS = YES_AGGRESSIVE;
				GCC_WARN_UNUSED_FUNCTION = YES;
				GCC_WARN_UNUSED_VARIABLE = YES;
				IPHONEOS_DEPLOYMENT_TARGET = 15.5;
				MTL_ENABLE_DEBUG_INFO = NO;
				MTL_FAST_MATH = YES;
				SDKROOT = iphoneos;
				SWIFT_COMPILATION_MODE = wholemodule;
				SWIFT_OPTIMIZATION_LEVEL = "-O";
				VALIDATE_PRODUCT = YES;
			};
			name = Release;
		};
		4A90A2D92900207D006BC1B2 /* Debug */ = {
			isa = XCBuildConfiguration;
			buildSettings = {
				ASSETCATALOG_COMPILER_APPICON_NAME = AppIcon;
				ASSETCATALOG_COMPILER_GLOBAL_ACCENT_COLOR_NAME = AccentColor;
				CODE_SIGN_STYLE = Automatic;
				CURRENT_PROJECT_VERSION = 1;
				DEVELOPMENT_TEAM = 665TA4D5B9;
				GENERATE_INFOPLIST_FILE = YES;
				INFOPLIST_FILE = "Mukjipsa-iOS/Resource/Support/Info.plist";
				INFOPLIST_KEY_UIApplicationSupportsIndirectInputEvents = YES;
				INFOPLIST_KEY_UILaunchStoryboardName = LaunchScreen;
				INFOPLIST_KEY_UISupportedInterfaceOrientations_iPad = "UIInterfaceOrientationPortrait UIInterfaceOrientationPortraitUpsideDown UIInterfaceOrientationLandscapeLeft UIInterfaceOrientationLandscapeRight";
				INFOPLIST_KEY_UISupportedInterfaceOrientations_iPhone = UIInterfaceOrientationPortrait;
				INFOPLIST_KEY_UIUserInterfaceStyle = Light;
				LD_RUNPATH_SEARCH_PATHS = (
					"$(inherited)",
					"@executable_path/Frameworks",
				);
				MARKETING_VERSION = 1.0;
				PRODUCT_BUNDLE_IDENTIFIER = "cchanmi.Mukjipsa-iOS";
				PRODUCT_NAME = "$(TARGET_NAME)";
				SWIFT_EMIT_LOC_STRINGS = YES;
				SWIFT_VERSION = 5.0;
				TARGETED_DEVICE_FAMILY = "1,2";
			};
			name = Debug;
		};
		4A90A2DA2900207D006BC1B2 /* Release */ = {
			isa = XCBuildConfiguration;
			buildSettings = {
				ASSETCATALOG_COMPILER_APPICON_NAME = AppIcon;
				ASSETCATALOG_COMPILER_GLOBAL_ACCENT_COLOR_NAME = AccentColor;
				CODE_SIGN_STYLE = Automatic;
				CURRENT_PROJECT_VERSION = 1;
				DEVELOPMENT_TEAM = 665TA4D5B9;
				GENERATE_INFOPLIST_FILE = YES;
				INFOPLIST_FILE = "Mukjipsa-iOS/Resource/Support/Info.plist";
				INFOPLIST_KEY_UIApplicationSupportsIndirectInputEvents = YES;
				INFOPLIST_KEY_UILaunchStoryboardName = LaunchScreen;
				INFOPLIST_KEY_UISupportedInterfaceOrientations_iPad = "UIInterfaceOrientationPortrait UIInterfaceOrientationPortraitUpsideDown UIInterfaceOrientationLandscapeLeft UIInterfaceOrientationLandscapeRight";
				INFOPLIST_KEY_UISupportedInterfaceOrientations_iPhone = UIInterfaceOrientationPortrait;
				INFOPLIST_KEY_UIUserInterfaceStyle = Light;
				LD_RUNPATH_SEARCH_PATHS = (
					"$(inherited)",
					"@executable_path/Frameworks",
				);
				MARKETING_VERSION = 1.0;
				PRODUCT_BUNDLE_IDENTIFIER = "cchanmi.Mukjipsa-iOS";
				PRODUCT_NAME = "$(TARGET_NAME)";
				SWIFT_EMIT_LOC_STRINGS = YES;
				SWIFT_VERSION = 5.0;
				TARGETED_DEVICE_FAMILY = "1,2";
			};
			name = Release;
		};
/* End XCBuildConfiguration section */

/* Begin XCConfigurationList section */
		4A90A2BF2900207C006BC1B2 /* Build configuration list for PBXProject "Mukjipsa-iOS" */ = {
			isa = XCConfigurationList;
			buildConfigurations = (
				4A90A2D62900207D006BC1B2 /* Debug */,
				4A90A2D72900207D006BC1B2 /* Release */,
			);
			defaultConfigurationIsVisible = 0;
			defaultConfigurationName = Release;
		};
		4A90A2D82900207D006BC1B2 /* Build configuration list for PBXNativeTarget "Mukjipsa-iOS" */ = {
			isa = XCConfigurationList;
			buildConfigurations = (
				4A90A2D92900207D006BC1B2 /* Debug */,
				4A90A2DA2900207D006BC1B2 /* Release */,
			);
			defaultConfigurationIsVisible = 0;
			defaultConfigurationName = Release;
		};
/* End XCConfigurationList section */

/* Begin XCRemoteSwiftPackageReference section */
		3B754B8029192564007A90C5 /* XCRemoteSwiftPackageReference "SnapKit" */ = {
			isa = XCRemoteSwiftPackageReference;
			repositoryURL = "https://github.com/SnapKit/SnapKit";
			requirement = {
				branch = develop;
				kind = branch;
			};
		};
		4A6343F729002DA1006E19E6 /* XCRemoteSwiftPackageReference "RxSwift" */ = {
			isa = XCRemoteSwiftPackageReference;
			repositoryURL = "https://github.com/ReactiveX/RxSwift.git";
			requirement = {
				branch = main;
				kind = branch;
			};
		};
		4A6343FC29002DAC006E19E6 /* XCRemoteSwiftPackageReference "Then" */ = {
			isa = XCRemoteSwiftPackageReference;
			repositoryURL = "https://github.com/devxoul/Then";
			requirement = {
				branch = master;
				kind = branch;
			};
		};
		4A6343FF29002DB5006E19E6 /* XCRemoteSwiftPackageReference "Kingfisher" */ = {
			isa = XCRemoteSwiftPackageReference;
			repositoryURL = "https://github.com/onevcat/Kingfisher.git";
			requirement = {
				branch = master;
				kind = branch;
			};
		};
		4A63440329002DCC006E19E6 /* XCRemoteSwiftPackageReference "Alamofire" */ = {
			isa = XCRemoteSwiftPackageReference;
			repositoryURL = "https://github.com/Alamofire/Alamofire.git";
			requirement = {
				branch = master;
				kind = branch;
			};
		};
/* End XCRemoteSwiftPackageReference section */

/* Begin XCSwiftPackageProductDependency section */
		4A39D5022919451600554DF4 /* SnapKit */ = {
			isa = XCSwiftPackageProductDependency;
			productName = SnapKit;
		};
		4A6343F829002DA1006E19E6 /* RxCocoa */ = {
			isa = XCSwiftPackageProductDependency;
			package = 4A6343F729002DA1006E19E6 /* XCRemoteSwiftPackageReference "RxSwift" */;
			productName = RxCocoa;
		};
		4A6343FA29002DA1006E19E6 /* RxSwift */ = {
			isa = XCSwiftPackageProductDependency;
			package = 4A6343F729002DA1006E19E6 /* XCRemoteSwiftPackageReference "RxSwift" */;
			productName = RxSwift;
		};
		4A6343FD29002DAC006E19E6 /* Then */ = {
			isa = XCSwiftPackageProductDependency;
			package = 4A6343FC29002DAC006E19E6 /* XCRemoteSwiftPackageReference "Then" */;
			productName = Then;
		};
		4A63440029002DB5006E19E6 /* Kingfisher */ = {
			isa = XCSwiftPackageProductDependency;
			package = 4A6343FF29002DB5006E19E6 /* XCRemoteSwiftPackageReference "Kingfisher" */;
			productName = Kingfisher;
		};
		4A63440429002DCC006E19E6 /* Alamofire */ = {
			isa = XCSwiftPackageProductDependency;
			package = 4A63440329002DCC006E19E6 /* XCRemoteSwiftPackageReference "Alamofire" */;
			productName = Alamofire;
		};
/* End XCSwiftPackageProductDependency section */
	};
	rootObject = 4A90A2BC2900207C006BC1B2 /* Project object */;
}
